// !$*UTF8*$!
{
	archiveVersion = 1;
	classes = {
	};
	objectVersion = 48;
	objects = {

/* Begin PBXBuildFile section */
		0106CBD21FC542D5006883E3 /* StockSubscription.swift in Sources */ = {isa = PBXBuildFile; fileRef = 0106CBD11FC542D5006883E3 /* StockSubscription.swift */; };
		010EDF501FBBFC4000516DBB /* StockPrice.swift in Sources */ = {isa = PBXBuildFile; fileRef = 010EDF4F1FBBFC4000516DBB /* StockPrice.swift */; };
		010EDF521FBC336B00516DBB /* StockPortfolio.swift in Sources */ = {isa = PBXBuildFile; fileRef = 010EDF511FBC336B00516DBB /* StockPortfolio.swift */; };
		0116715A1FD4150E000732A9 /* ChartViewModelTests.swift in Sources */ = {isa = PBXBuildFile; fileRef = 011671591FD4150E000732A9 /* ChartViewModelTests.swift */; };
		011CF6161FBD671700BDCAC5 /* StockCollectionViewCell.swift in Sources */ = {isa = PBXBuildFile; fileRef = 011CF6151FBD671700BDCAC5 /* StockCollectionViewCell.swift */; };
		011F06691FB421B100F681B5 /* SandPApiTests.swift in Sources */ = {isa = PBXBuildFile; fileRef = 011F06681FB421B100F681B5 /* SandPApiTests.swift */; };
		011FF23E1FD8109400926F95 /* SectorViewController.swift in Sources */ = {isa = PBXBuildFile; fileRef = 011FF23D1FD8109400926F95 /* SectorViewController.swift */; };
		011FF2401FD8D20E00926F95 /* SectorPerformance.swift in Sources */ = {isa = PBXBuildFile; fileRef = 011FF23F1FD8D20E00926F95 /* SectorPerformance.swift */; };
		01349BB11FB14DE2000FDD5E /* AppDelegate.swift in Sources */ = {isa = PBXBuildFile; fileRef = 01349BB01FB14DE2000FDD5E /* AppDelegate.swift */; };
		01349BB31FB14DE2000FDD5E /* StockCollectionViewController.swift in Sources */ = {isa = PBXBuildFile; fileRef = 01349BB21FB14DE2000FDD5E /* StockCollectionViewController.swift */; };
		01349BB61FB14DE2000FDD5E /* Main.storyboard in Resources */ = {isa = PBXBuildFile; fileRef = 01349BB41FB14DE2000FDD5E /* Main.storyboard */; };
		01349BB81FB14DE2000FDD5E /* Assets.xcassets in Resources */ = {isa = PBXBuildFile; fileRef = 01349BB71FB14DE2000FDD5E /* Assets.xcassets */; };
		01349BBB1FB14DE2000FDD5E /* LaunchScreen.storyboard in Resources */ = {isa = PBXBuildFile; fileRef = 01349BB91FB14DE2000FDD5E /* LaunchScreen.storyboard */; };
		014246CA1FBEB0610041FD63 /* SymbolPickerViewController.swift in Sources */ = {isa = PBXBuildFile; fileRef = 014246C91FBEB0610041FD63 /* SymbolPickerViewController.swift */; };
		014246CC1FBEB1340041FD63 /* SymbolPickerViewModel.swift in Sources */ = {isa = PBXBuildFile; fileRef = 014246CB1FBEB1340041FD63 /* SymbolPickerViewModel.swift */; };
		014B63A51FB9BA7C00F19483 /* StockSymbol.swift in Sources */ = {isa = PBXBuildFile; fileRef = 014B63A41FB9BA7C00F19483 /* StockSymbol.swift */; };
		014FBA341FC195640046B9FE /* SymbolPickerViewModelTests.swift in Sources */ = {isa = PBXBuildFile; fileRef = 014FBA331FC195640046B9FE /* SymbolPickerViewModelTests.swift */; };
		017BD2E01FDA269D00AD61E6 /* SectorViewModel.swift in Sources */ = {isa = PBXBuildFile; fileRef = 017BD2DF1FDA269D00AD61E6 /* SectorViewModel.swift */; };
		017BD2E21FDA3B8000AD61E6 /* SectorTableViewCell.swift in Sources */ = {isa = PBXBuildFile; fileRef = 017BD2E11FDA3B8000AD61E6 /* SectorTableViewCell.swift */; };
		0195E3C61FC2C31600357D21 /* StockCollectionViewModel.swift in Sources */ = {isa = PBXBuildFile; fileRef = 0195E3C51FC2C31600357D21 /* StockCollectionViewModel.swift */; };
		0195E3C81FC2D05F00357D21 /* StockCollectionViewModelTests.swift in Sources */ = {isa = PBXBuildFile; fileRef = 0195E3C71FC2D05F00357D21 /* StockCollectionViewModelTests.swift */; };
		01A20E461FB2FD0900B5A349 /* SandPApi.swift in Sources */ = {isa = PBXBuildFile; fileRef = 01A20E451FB2FD0900B5A349 /* SandPApi.swift */; };
		01A2A5991FB4531A006399CA /* StocksApi.swift in Sources */ = {isa = PBXBuildFile; fileRef = 01A2A5981FB4531A006399CA /* StocksApi.swift */; };
		01A2A59C1FB4535C006399CA /* StocksApiTests.swift in Sources */ = {isa = PBXBuildFile; fileRef = 01A2A59B1FB4535C006399CA /* StocksApiTests.swift */; };
		01A2A5A31FB4B312006399CA /* ApiKeys.swift in Sources */ = {isa = PBXBuildFile; fileRef = 01A2A5A21FB4B312006399CA /* ApiKeys.swift */; };
		01A2A5A51FB4CE47006399CA /* String+Extension.swift in Sources */ = {isa = PBXBuildFile; fileRef = 01A2A5A41FB4CE47006399CA /* String+Extension.swift */; };
		01D46B421FD3F5A000BE4AB6 /* ChartViewController.swift in Sources */ = {isa = PBXBuildFile; fileRef = 01D46B411FD3F5A000BE4AB6 /* ChartViewController.swift */; };
		01D46B441FD40C9400BE4AB6 /* ChartViewModel.swift in Sources */ = {isa = PBXBuildFile; fileRef = 01D46B431FD40C9400BE4AB6 /* ChartViewModel.swift */; };
		32180E5C3E78F95415D6DF1C /* Pods_RxStockDemo.framework in Frameworks */ = {isa = PBXBuildFile; fileRef = 4DC8E829CB4334160753F4A8 /* Pods_RxStockDemo.framework */; };
		596ABFECAE8D52466394E560 /* Pods_RxStockDemoTests.framework in Frameworks */ = {isa = PBXBuildFile; fileRef = FE633173BED12E1D769A5740 /* Pods_RxStockDemoTests.framework */; };
		F2535E2217CED12235665F63 /* Pods_RxStockDemo_RxStockDemoTests.framework in Frameworks */ = {isa = PBXBuildFile; fileRef = A8999AC3EE4C76AEE94139F7 /* Pods_RxStockDemo_RxStockDemoTests.framework */; };
/* End PBXBuildFile section */

/* Begin PBXContainerItemProxy section */
		01349BC21FB14DE2000FDD5E /* PBXContainerItemProxy */ = {
			isa = PBXContainerItemProxy;
			containerPortal = 01349BA51FB14DE2000FDD5E /* Project object */;
			proxyType = 1;
			remoteGlobalIDString = 01349BAC1FB14DE2000FDD5E;
			remoteInfo = RxStockDemo;
		};
/* End PBXContainerItemProxy section */

/* Begin PBXFileReference section */
		0106CBD11FC542D5006883E3 /* StockSubscription.swift */ = {isa = PBXFileReference; lastKnownFileType = sourcecode.swift; path = StockSubscription.swift; sourceTree = "<group>"; };
		010EDF4F1FBBFC4000516DBB /* StockPrice.swift */ = {isa = PBXFileReference; lastKnownFileType = sourcecode.swift; path = StockPrice.swift; sourceTree = "<group>"; };
		010EDF511FBC336B00516DBB /* StockPortfolio.swift */ = {isa = PBXFileReference; lastKnownFileType = sourcecode.swift; path = StockPortfolio.swift; sourceTree = "<group>"; };
		011671591FD4150E000732A9 /* ChartViewModelTests.swift */ = {isa = PBXFileReference; lastKnownFileType = sourcecode.swift; path = ChartViewModelTests.swift; sourceTree = "<group>"; };
		011CF6151FBD671700BDCAC5 /* StockCollectionViewCell.swift */ = {isa = PBXFileReference; lastKnownFileType = sourcecode.swift; path = StockCollectionViewCell.swift; sourceTree = "<group>"; };
		011F06681FB421B100F681B5 /* SandPApiTests.swift */ = {isa = PBXFileReference; lastKnownFileType = sourcecode.swift; path = SandPApiTests.swift; sourceTree = "<group>"; };
		011FF23D1FD8109400926F95 /* SectorViewController.swift */ = {isa = PBXFileReference; lastKnownFileType = sourcecode.swift; path = SectorViewController.swift; sourceTree = "<group>"; };
		011FF23F1FD8D20E00926F95 /* SectorPerformance.swift */ = {isa = PBXFileReference; lastKnownFileType = sourcecode.swift; path = SectorPerformance.swift; sourceTree = "<group>"; };
		01349BAD1FB14DE2000FDD5E /* RxStockDemo.app */ = {isa = PBXFileReference; explicitFileType = wrapper.application; includeInIndex = 0; path = RxStockDemo.app; sourceTree = BUILT_PRODUCTS_DIR; };
		01349BB01FB14DE2000FDD5E /* AppDelegate.swift */ = {isa = PBXFileReference; lastKnownFileType = sourcecode.swift; path = AppDelegate.swift; sourceTree = "<group>"; };
		01349BB21FB14DE2000FDD5E /* StockCollectionViewController.swift */ = {isa = PBXFileReference; lastKnownFileType = sourcecode.swift; path = StockCollectionViewController.swift; sourceTree = "<group>"; };
		01349BB51FB14DE2000FDD5E /* Base */ = {isa = PBXFileReference; lastKnownFileType = file.storyboard; name = Base; path = Base.lproj/Main.storyboard; sourceTree = "<group>"; };
		01349BB71FB14DE2000FDD5E /* Assets.xcassets */ = {isa = PBXFileReference; lastKnownFileType = folder.assetcatalog; path = Assets.xcassets; sourceTree = "<group>"; };
		01349BBA1FB14DE2000FDD5E /* Base */ = {isa = PBXFileReference; lastKnownFileType = file.storyboard; name = Base; path = Base.lproj/LaunchScreen.storyboard; sourceTree = "<group>"; };
		01349BBC1FB14DE2000FDD5E /* Info.plist */ = {isa = PBXFileReference; lastKnownFileType = text.plist.xml; path = Info.plist; sourceTree = "<group>"; };
		01349BC11FB14DE2000FDD5E /* RxStockDemoTests.xctest */ = {isa = PBXFileReference; explicitFileType = wrapper.cfbundle; includeInIndex = 0; path = RxStockDemoTests.xctest; sourceTree = BUILT_PRODUCTS_DIR; };
		01349BC71FB14DE2000FDD5E /* Info.plist */ = {isa = PBXFileReference; lastKnownFileType = text.plist.xml; path = Info.plist; sourceTree = "<group>"; };
		014246C91FBEB0610041FD63 /* SymbolPickerViewController.swift */ = {isa = PBXFileReference; lastKnownFileType = sourcecode.swift; path = SymbolPickerViewController.swift; sourceTree = "<group>"; };
		014246CB1FBEB1340041FD63 /* SymbolPickerViewModel.swift */ = {isa = PBXFileReference; lastKnownFileType = sourcecode.swift; path = SymbolPickerViewModel.swift; sourceTree = "<group>"; };
		014B63A41FB9BA7C00F19483 /* StockSymbol.swift */ = {isa = PBXFileReference; lastKnownFileType = sourcecode.swift; path = StockSymbol.swift; sourceTree = "<group>"; };
		014FBA331FC195640046B9FE /* SymbolPickerViewModelTests.swift */ = {isa = PBXFileReference; lastKnownFileType = sourcecode.swift; path = SymbolPickerViewModelTests.swift; sourceTree = "<group>"; };
		017BD2DF1FDA269D00AD61E6 /* SectorViewModel.swift */ = {isa = PBXFileReference; lastKnownFileType = sourcecode.swift; path = SectorViewModel.swift; sourceTree = "<group>"; };
		017BD2E11FDA3B8000AD61E6 /* SectorTableViewCell.swift */ = {isa = PBXFileReference; lastKnownFileType = sourcecode.swift; path = SectorTableViewCell.swift; sourceTree = "<group>"; };
		0195E3C51FC2C31600357D21 /* StockCollectionViewModel.swift */ = {isa = PBXFileReference; lastKnownFileType = sourcecode.swift; path = StockCollectionViewModel.swift; sourceTree = "<group>"; };
		0195E3C71FC2D05F00357D21 /* StockCollectionViewModelTests.swift */ = {isa = PBXFileReference; lastKnownFileType = sourcecode.swift; path = StockCollectionViewModelTests.swift; sourceTree = "<group>"; };
		01A20E451FB2FD0900B5A349 /* SandPApi.swift */ = {isa = PBXFileReference; lastKnownFileType = sourcecode.swift; path = SandPApi.swift; sourceTree = "<group>"; };
		01A2A5981FB4531A006399CA /* StocksApi.swift */ = {isa = PBXFileReference; lastKnownFileType = sourcecode.swift; path = StocksApi.swift; sourceTree = "<group>"; };
		01A2A59B1FB4535C006399CA /* StocksApiTests.swift */ = {isa = PBXFileReference; lastKnownFileType = sourcecode.swift; path = StocksApiTests.swift; sourceTree = "<group>"; };
		01A2A5A21FB4B312006399CA /* ApiKeys.swift */ = {isa = PBXFileReference; lastKnownFileType = sourcecode.swift; path = ApiKeys.swift; sourceTree = "<group>"; };
		01A2A5A41FB4CE47006399CA /* String+Extension.swift */ = {isa = PBXFileReference; lastKnownFileType = sourcecode.swift; path = "String+Extension.swift"; sourceTree = "<group>"; };
		01D46B411FD3F5A000BE4AB6 /* ChartViewController.swift */ = {isa = PBXFileReference; lastKnownFileType = sourcecode.swift; path = ChartViewController.swift; sourceTree = "<group>"; };
		01D46B431FD40C9400BE4AB6 /* ChartViewModel.swift */ = {isa = PBXFileReference; lastKnownFileType = sourcecode.swift; path = ChartViewModel.swift; sourceTree = "<group>"; };
		059A7F34A33C87AAF0C81E88 /* Pods-RxStockDemo.debug.xcconfig */ = {isa = PBXFileReference; includeInIndex = 1; lastKnownFileType = text.xcconfig; name = "Pods-RxStockDemo.debug.xcconfig"; path = "Pods/Target Support Files/Pods-RxStockDemo/Pods-RxStockDemo.debug.xcconfig"; sourceTree = "<group>"; };
		4070CBF9D6C417B0B31F9C62 /* Pods-RxStockDemo-RxStockDemoTests.release.xcconfig */ = {isa = PBXFileReference; includeInIndex = 1; lastKnownFileType = text.xcconfig; name = "Pods-RxStockDemo-RxStockDemoTests.release.xcconfig"; path = "Pods/Target Support Files/Pods-RxStockDemo-RxStockDemoTests/Pods-RxStockDemo-RxStockDemoTests.release.xcconfig"; sourceTree = "<group>"; };
		4DC8E829CB4334160753F4A8 /* Pods_RxStockDemo.framework */ = {isa = PBXFileReference; explicitFileType = wrapper.framework; includeInIndex = 0; path = Pods_RxStockDemo.framework; sourceTree = BUILT_PRODUCTS_DIR; };
		50228966AA6879A31429A5A4 /* Pods-RxStockDemo.release.xcconfig */ = {isa = PBXFileReference; includeInIndex = 1; lastKnownFileType = text.xcconfig; name = "Pods-RxStockDemo.release.xcconfig"; path = "Pods/Target Support Files/Pods-RxStockDemo/Pods-RxStockDemo.release.xcconfig"; sourceTree = "<group>"; };
		5635500F922A82ED8606BB22 /* Pods-RxStockDemoTests.debug.xcconfig */ = {isa = PBXFileReference; includeInIndex = 1; lastKnownFileType = text.xcconfig; name = "Pods-RxStockDemoTests.debug.xcconfig"; path = "Pods/Target Support Files/Pods-RxStockDemoTests/Pods-RxStockDemoTests.debug.xcconfig"; sourceTree = "<group>"; };
		603AC1503579A338026F6E61 /* Pods-RxStockDemo-RxStockDemoTests.debug.xcconfig */ = {isa = PBXFileReference; includeInIndex = 1; lastKnownFileType = text.xcconfig; name = "Pods-RxStockDemo-RxStockDemoTests.debug.xcconfig"; path = "Pods/Target Support Files/Pods-RxStockDemo-RxStockDemoTests/Pods-RxStockDemo-RxStockDemoTests.debug.xcconfig"; sourceTree = "<group>"; };
		A8999AC3EE4C76AEE94139F7 /* Pods_RxStockDemo_RxStockDemoTests.framework */ = {isa = PBXFileReference; explicitFileType = wrapper.framework; includeInIndex = 0; path = Pods_RxStockDemo_RxStockDemoTests.framework; sourceTree = BUILT_PRODUCTS_DIR; };
		B6A8232AF149A33C3DD0D744 /* Pods-RxStockDemoTests.release.xcconfig */ = {isa = PBXFileReference; includeInIndex = 1; lastKnownFileType = text.xcconfig; name = "Pods-RxStockDemoTests.release.xcconfig"; path = "Pods/Target Support Files/Pods-RxStockDemoTests/Pods-RxStockDemoTests.release.xcconfig"; sourceTree = "<group>"; };
		FE633173BED12E1D769A5740 /* Pods_RxStockDemoTests.framework */ = {isa = PBXFileReference; explicitFileType = wrapper.framework; includeInIndex = 0; path = Pods_RxStockDemoTests.framework; sourceTree = BUILT_PRODUCTS_DIR; };
/* End PBXFileReference section */

/* Begin PBXFrameworksBuildPhase section */
		01349BAA1FB14DE2000FDD5E /* Frameworks */ = {
			isa = PBXFrameworksBuildPhase;
			buildActionMask = 2147483647;
			files = (
				32180E5C3E78F95415D6DF1C /* Pods_RxStockDemo.framework in Frameworks */,
			);
			runOnlyForDeploymentPostprocessing = 0;
		};
		01349BBE1FB14DE2000FDD5E /* Frameworks */ = {
			isa = PBXFrameworksBuildPhase;
			buildActionMask = 2147483647;
			files = (
				596ABFECAE8D52466394E560 /* Pods_RxStockDemoTests.framework in Frameworks */,
				F2535E2217CED12235665F63 /* Pods_RxStockDemo_RxStockDemoTests.framework in Frameworks */,
			);
			runOnlyForDeploymentPostprocessing = 0;
		};
/* End PBXFrameworksBuildPhase section */

/* Begin PBXGroup section */
		011F066A1FB421BD00F681B5 /* SAndPApi */ = {
			isa = PBXGroup;
			children = (
				011F06681FB421B100F681B5 /* SandPApiTests.swift */,
			);
			path = SAndPApi;
			sourceTree = "<group>";
		};
		01349BA41FB14DE2000FDD5E = {
			isa = PBXGroup;
			children = (
				01349BAF1FB14DE2000FDD5E /* RxStockDemo */,
				01349BC41FB14DE2000FDD5E /* RxStockDemoTests */,
				01349BAE1FB14DE2000FDD5E /* Products */,
				54C62E8D0FB91B2FB5B9E002 /* Pods */,
				6DB7136ECC1D686710D41850 /* Frameworks */,
			);
			sourceTree = "<group>";
		};
		01349BAE1FB14DE2000FDD5E /* Products */ = {
			isa = PBXGroup;
			children = (
				01349BAD1FB14DE2000FDD5E /* RxStockDemo.app */,
				01349BC11FB14DE2000FDD5E /* RxStockDemoTests.xctest */,
			);
			name = Products;
			sourceTree = "<group>";
		};
		01349BAF1FB14DE2000FDD5E /* RxStockDemo */ = {
			isa = PBXGroup;
			children = (
				01349BBC1FB14DE2000FDD5E /* Info.plist */,
				01349BB01FB14DE2000FDD5E /* AppDelegate.swift */,
				014B63A61FB9BA8400F19483 /* Model */,
				018E846A1FBCA5F3008C34CC /* View */,
				014246CD1FBEB13A0041FD63 /* View Model */,
				01A2A5A61FB4CE6A006399CA /* Extensions */,
				018E84681FBC5B13008C34CC /* Resources */,
				01A20E471FB32D1B00B5A349 /* SAndPApi */,
				01A2A59A1FB45339006399CA /* StocksApi */,
				018E84691FBC5B72008C34CC /* Storyboards */,
			);
			path = RxStockDemo;
			sourceTree = "<group>";
		};
		01349BC41FB14DE2000FDD5E /* RxStockDemoTests */ = {
			isa = PBXGroup;
			children = (
				01349BC71FB14DE2000FDD5E /* Info.plist */,
				011F066A1FB421BD00F681B5 /* SAndPApi */,
				01A2A59D1FB45361006399CA /* StocksApi */,
				014FBA351FC195680046B9FE /* ViewModel */,
			);
			path = RxStockDemoTests;
			sourceTree = "<group>";
		};
		014246CD1FBEB13A0041FD63 /* View Model */ = {
			isa = PBXGroup;
			children = (
				0195E3C51FC2C31600357D21 /* StockCollectionViewModel.swift */,
				014246CB1FBEB1340041FD63 /* SymbolPickerViewModel.swift */,
				01D46B431FD40C9400BE4AB6 /* ChartViewModel.swift */,
				017BD2DF1FDA269D00AD61E6 /* SectorViewModel.swift */,
			);
			path = "View Model";
			sourceTree = "<group>";
		};
		014B63A61FB9BA8400F19483 /* Model */ = {
			isa = PBXGroup;
			children = (
				010EDF511FBC336B00516DBB /* StockPortfolio.swift */,
				011FF23F1FD8D20E00926F95 /* SectorPerformance.swift */,
				010EDF4F1FBBFC4000516DBB /* StockPrice.swift */,
				0106CBD11FC542D5006883E3 /* StockSubscription.swift */,
				014B63A41FB9BA7C00F19483 /* StockSymbol.swift */,
			);
			path = Model;
			sourceTree = "<group>";
		};
		014FBA351FC195680046B9FE /* ViewModel */ = {
			isa = PBXGroup;
			children = (
				0195E3C71FC2D05F00357D21 /* StockCollectionViewModelTests.swift */,
				014FBA331FC195640046B9FE /* SymbolPickerViewModelTests.swift */,
				011671591FD4150E000732A9 /* ChartViewModelTests.swift */,
			);
			path = ViewModel;
			sourceTree = "<group>";
		};
		018E84681FBC5B13008C34CC /* Resources */ = {
			isa = PBXGroup;
			children = (
				01349BB71FB14DE2000FDD5E /* Assets.xcassets */,
			);
			path = Resources;
			sourceTree = "<group>";
		};
		018E84691FBC5B72008C34CC /* Storyboards */ = {
			isa = PBXGroup;
			children = (
				01349BB91FB14DE2000FDD5E /* LaunchScreen.storyboard */,
				01349BB41FB14DE2000FDD5E /* Main.storyboard */,
			);
			path = Storyboards;
			sourceTree = "<group>";
		};
		018E846A1FBCA5F3008C34CC /* View */ = {
			isa = PBXGroup;
			children = (
				01D46B411FD3F5A000BE4AB6 /* ChartViewController.swift */,
				017BD2E11FDA3B8000AD61E6 /* SectorTableViewCell.swift */,
				011FF23D1FD8109400926F95 /* SectorViewController.swift */,
				011CF6151FBD671700BDCAC5 /* StockCollectionViewCell.swift */,
				01349BB21FB14DE2000FDD5E /* StockCollectionViewController.swift */,
				014246C91FBEB0610041FD63 /* SymbolPickerViewController.swift */,
			);
			path = View;
			sourceTree = "<group>";
		};
		01A20E471FB32D1B00B5A349 /* SAndPApi */ = {
			isa = PBXGroup;
			children = (
				01A20E451FB2FD0900B5A349 /* SandPApi.swift */,
			);
			path = SAndPApi;
			sourceTree = "<group>";
		};
		01A2A59A1FB45339006399CA /* StocksApi */ = {
			isa = PBXGroup;
			children = (
				01A2A5981FB4531A006399CA /* StocksApi.swift */,
				01A2A5A21FB4B312006399CA /* ApiKeys.swift */,
			);
			path = StocksApi;
			sourceTree = "<group>";
		};
		01A2A59D1FB45361006399CA /* StocksApi */ = {
			isa = PBXGroup;
			children = (
				01A2A59B1FB4535C006399CA /* StocksApiTests.swift */,
			);
			path = StocksApi;
			sourceTree = "<group>";
		};
		01A2A5A61FB4CE6A006399CA /* Extensions */ = {
			isa = PBXGroup;
			children = (
				01A2A5A41FB4CE47006399CA /* String+Extension.swift */,
			);
			path = Extensions;
			sourceTree = "<group>";
		};
		54C62E8D0FB91B2FB5B9E002 /* Pods */ = {
			isa = PBXGroup;
			children = (
				059A7F34A33C87AAF0C81E88 /* Pods-RxStockDemo.debug.xcconfig */,
				50228966AA6879A31429A5A4 /* Pods-RxStockDemo.release.xcconfig */,
				5635500F922A82ED8606BB22 /* Pods-RxStockDemoTests.debug.xcconfig */,
				B6A8232AF149A33C3DD0D744 /* Pods-RxStockDemoTests.release.xcconfig */,
				603AC1503579A338026F6E61 /* Pods-RxStockDemo-RxStockDemoTests.debug.xcconfig */,
				4070CBF9D6C417B0B31F9C62 /* Pods-RxStockDemo-RxStockDemoTests.release.xcconfig */,
			);
			name = Pods;
			sourceTree = "<group>";
		};
		6DB7136ECC1D686710D41850 /* Frameworks */ = {
			isa = PBXGroup;
			children = (
				4DC8E829CB4334160753F4A8 /* Pods_RxStockDemo.framework */,
				FE633173BED12E1D769A5740 /* Pods_RxStockDemoTests.framework */,
				A8999AC3EE4C76AEE94139F7 /* Pods_RxStockDemo_RxStockDemoTests.framework */,
			);
			name = Frameworks;
			sourceTree = "<group>";
		};
/* End PBXGroup section */

/* Begin PBXNativeTarget section */
		01349BAC1FB14DE2000FDD5E /* RxStockDemo */ = {
			isa = PBXNativeTarget;
			buildConfigurationList = 01349BCA1FB14DE2000FDD5E /* Build configuration list for PBXNativeTarget "RxStockDemo" */;
			buildPhases = (
				CDF113F5155BD29071CC3092 /* [CP] Check Pods Manifest.lock */,
				01349BA91FB14DE2000FDD5E /* Sources */,
				01349BAA1FB14DE2000FDD5E /* Frameworks */,
				01349BAB1FB14DE2000FDD5E /* Resources */,
				FF9ACBA9BD25BD03C5C3C1D8 /* [CP] Embed Pods Frameworks */,
				18FDED7A4E46A5BD6DC846A6 /* [CP] Copy Pods Resources */,
			);
			buildRules = (
			);
			dependencies = (
			);
			name = RxStockDemo;
			productName = RxStockDemo;
			productReference = 01349BAD1FB14DE2000FDD5E /* RxStockDemo.app */;
			productType = "com.apple.product-type.application";
		};
		01349BC01FB14DE2000FDD5E /* RxStockDemoTests */ = {
			isa = PBXNativeTarget;
			buildConfigurationList = 01349BCD1FB14DE2000FDD5E /* Build configuration list for PBXNativeTarget "RxStockDemoTests" */;
			buildPhases = (
				75256AEF0176688D17538764 /* [CP] Check Pods Manifest.lock */,
				01349BBD1FB14DE2000FDD5E /* Sources */,
				01349BBE1FB14DE2000FDD5E /* Frameworks */,
				01349BBF1FB14DE2000FDD5E /* Resources */,
				886AF3CBBD36E7495ADEEB67 /* [CP] Embed Pods Frameworks */,
				DDE90864A7D6DAAAFC5D6B0D /* [CP] Copy Pods Resources */,
			);
			buildRules = (
			);
			dependencies = (
				01349BC31FB14DE2000FDD5E /* PBXTargetDependency */,
			);
			name = RxStockDemoTests;
			productName = RxStockDemoTests;
			productReference = 01349BC11FB14DE2000FDD5E /* RxStockDemoTests.xctest */;
			productType = "com.apple.product-type.bundle.unit-test";
		};
/* End PBXNativeTarget section */

/* Begin PBXProject section */
		01349BA51FB14DE2000FDD5E /* Project object */ = {
			isa = PBXProject;
			attributes = {
				LastSwiftUpdateCheck = 0910;
				LastUpgradeCheck = 0910;
				ORGANIZATIONNAME = Frank;
				TargetAttributes = {
					01349BAC1FB14DE2000FDD5E = {
						CreatedOnToolsVersion = 9.1;
						ProvisioningStyle = Automatic;
					};
					01349BC01FB14DE2000FDD5E = {
						CreatedOnToolsVersion = 9.1;
						ProvisioningStyle = Automatic;
						TestTargetID = 01349BAC1FB14DE2000FDD5E;
					};
				};
			};
			buildConfigurationList = 01349BA81FB14DE2000FDD5E /* Build configuration list for PBXProject "RxStockDemo" */;
			compatibilityVersion = "Xcode 8.0";
			developmentRegion = en;
			hasScannedForEncodings = 0;
			knownRegions = (
				en,
				Base,
			);
			mainGroup = 01349BA41FB14DE2000FDD5E;
			productRefGroup = 01349BAE1FB14DE2000FDD5E /* Products */;
			projectDirPath = "";
			projectRoot = "";
			targets = (
				01349BAC1FB14DE2000FDD5E /* RxStockDemo */,
				01349BC01FB14DE2000FDD5E /* RxStockDemoTests */,
			);
		};
/* End PBXProject section */

/* Begin PBXResourcesBuildPhase section */
		01349BAB1FB14DE2000FDD5E /* Resources */ = {
			isa = PBXResourcesBuildPhase;
			buildActionMask = 2147483647;
			files = (
				01349BBB1FB14DE2000FDD5E /* LaunchScreen.storyboard in Resources */,
				01349BB81FB14DE2000FDD5E /* Assets.xcassets in Resources */,
				01349BB61FB14DE2000FDD5E /* Main.storyboard in Resources */,
			);
			runOnlyForDeploymentPostprocessing = 0;
		};
		01349BBF1FB14DE2000FDD5E /* Resources */ = {
			isa = PBXResourcesBuildPhase;
			buildActionMask = 2147483647;
			files = (
			);
			runOnlyForDeploymentPostprocessing = 0;
		};
/* End PBXResourcesBuildPhase section */

/* Begin PBXShellScriptBuildPhase section */
		18FDED7A4E46A5BD6DC846A6 /* [CP] Copy Pods Resources */ = {
			isa = PBXShellScriptBuildPhase;
			buildActionMask = 2147483647;
			files = (
			);
			inputPaths = (
			);
			name = "[CP] Copy Pods Resources";
			outputPaths = (
			);
			runOnlyForDeploymentPostprocessing = 0;
			shellPath = /bin/sh;
			shellScript = "\"${SRCROOT}/Pods/Target Support Files/Pods-RxStockDemo/Pods-RxStockDemo-resources.sh\"\n";
			showEnvVarsInLog = 0;
		};
		75256AEF0176688D17538764 /* [CP] Check Pods Manifest.lock */ = {
			isa = PBXShellScriptBuildPhase;
			buildActionMask = 2147483647;
			files = (
			);
			inputPaths = (
				"${PODS_PODFILE_DIR_PATH}/Podfile.lock",
				"${PODS_ROOT}/Manifest.lock",
			);
			name = "[CP] Check Pods Manifest.lock";
			outputPaths = (
				"$(DERIVED_FILE_DIR)/Pods-RxStockDemoTests-checkManifestLockResult.txt",
			);
			runOnlyForDeploymentPostprocessing = 0;
			shellPath = /bin/sh;
			shellScript = "diff \"${PODS_PODFILE_DIR_PATH}/Podfile.lock\" \"${PODS_ROOT}/Manifest.lock\" > /dev/null\nif [ $? != 0 ] ; then\n    # print error to STDERR\n    echo \"error: The sandbox is not in sync with the Podfile.lock. Run 'pod install' or update your CocoaPods installation.\" >&2\n    exit 1\nfi\n# This output is used by Xcode 'outputs' to avoid re-running this script phase.\necho \"SUCCESS\" > \"${SCRIPT_OUTPUT_FILE_0}\"\n";
			showEnvVarsInLog = 0;
		};
		886AF3CBBD36E7495ADEEB67 /* [CP] Embed Pods Frameworks */ = {
			isa = PBXShellScriptBuildPhase;
			buildActionMask = 2147483647;
			files = (
			);
			inputPaths = (
				"${SRCROOT}/Pods/Target Support Files/Pods-RxStockDemoTests/Pods-RxStockDemoTests-frameworks.sh",
				"${BUILT_PRODUCTS_DIR}/Alamofire/Alamofire.framework",
				"${BUILT_PRODUCTS_DIR}/Realm/Realm.framework",
				"${BUILT_PRODUCTS_DIR}/RealmSwift/RealmSwift.framework",
				"${BUILT_PRODUCTS_DIR}/RxAlamofire/RxAlamofire.framework",
				"${BUILT_PRODUCTS_DIR}/RxCocoa/RxCocoa.framework",
				"${BUILT_PRODUCTS_DIR}/RxRealm/RxRealm.framework",
				"${BUILT_PRODUCTS_DIR}/RxRealmDataSources/RxRealmDataSources.framework",
				"${BUILT_PRODUCTS_DIR}/RxSwift/RxSwift.framework",
				"${BUILT_PRODUCTS_DIR}/Nimble/Nimble.framework",
				"${BUILT_PRODUCTS_DIR}/OHHTTPStubs/OHHTTPStubs.framework",
				"${BUILT_PRODUCTS_DIR}/RxBlocking/RxBlocking.framework",
				"${BUILT_PRODUCTS_DIR}/RxNimble/RxNimble.framework",
			);
			name = "[CP] Embed Pods Frameworks";
			outputPaths = (
				"${TARGET_BUILD_DIR}/${FRAMEWORKS_FOLDER_PATH}/Alamofire.framework",
				"${TARGET_BUILD_DIR}/${FRAMEWORKS_FOLDER_PATH}/Realm.framework",
				"${TARGET_BUILD_DIR}/${FRAMEWORKS_FOLDER_PATH}/RealmSwift.framework",
				"${TARGET_BUILD_DIR}/${FRAMEWORKS_FOLDER_PATH}/RxAlamofire.framework",
				"${TARGET_BUILD_DIR}/${FRAMEWORKS_FOLDER_PATH}/RxCocoa.framework",
				"${TARGET_BUILD_DIR}/${FRAMEWORKS_FOLDER_PATH}/RxRealm.framework",
				"${TARGET_BUILD_DIR}/${FRAMEWORKS_FOLDER_PATH}/RxRealmDataSources.framework",
				"${TARGET_BUILD_DIR}/${FRAMEWORKS_FOLDER_PATH}/RxSwift.framework",
				"${TARGET_BUILD_DIR}/${FRAMEWORKS_FOLDER_PATH}/Nimble.framework",
				"${TARGET_BUILD_DIR}/${FRAMEWORKS_FOLDER_PATH}/OHHTTPStubs.framework",
				"${TARGET_BUILD_DIR}/${FRAMEWORKS_FOLDER_PATH}/RxBlocking.framework",
				"${TARGET_BUILD_DIR}/${FRAMEWORKS_FOLDER_PATH}/RxNimble.framework",
			);
			runOnlyForDeploymentPostprocessing = 0;
			shellPath = /bin/sh;
			shellScript = "\"${SRCROOT}/Pods/Target Support Files/Pods-RxStockDemoTests/Pods-RxStockDemoTests-frameworks.sh\"\n";
			showEnvVarsInLog = 0;
		};
		CDF113F5155BD29071CC3092 /* [CP] Check Pods Manifest.lock */ = {
			isa = PBXShellScriptBuildPhase;
			buildActionMask = 2147483647;
			files = (
			);
			inputPaths = (
				"${PODS_PODFILE_DIR_PATH}/Podfile.lock",
				"${PODS_ROOT}/Manifest.lock",
			);
			name = "[CP] Check Pods Manifest.lock";
			outputPaths = (
				"$(DERIVED_FILE_DIR)/Pods-RxStockDemo-checkManifestLockResult.txt",
			);
			runOnlyForDeploymentPostprocessing = 0;
			shellPath = /bin/sh;
			shellScript = "diff \"${PODS_PODFILE_DIR_PATH}/Podfile.lock\" \"${PODS_ROOT}/Manifest.lock\" > /dev/null\nif [ $? != 0 ] ; then\n    # print error to STDERR\n    echo \"error: The sandbox is not in sync with the Podfile.lock. Run 'pod install' or update your CocoaPods installation.\" >&2\n    exit 1\nfi\n# This output is used by Xcode 'outputs' to avoid re-running this script phase.\necho \"SUCCESS\" > \"${SCRIPT_OUTPUT_FILE_0}\"\n";
			showEnvVarsInLog = 0;
		};
		DDE90864A7D6DAAAFC5D6B0D /* [CP] Copy Pods Resources */ = {
			isa = PBXShellScriptBuildPhase;
			buildActionMask = 2147483647;
			files = (
			);
			inputPaths = (
			);
			name = "[CP] Copy Pods Resources";
			outputPaths = (
			);
			runOnlyForDeploymentPostprocessing = 0;
			shellPath = /bin/sh;
			shellScript = "\"${SRCROOT}/Pods/Target Support Files/Pods-RxStockDemoTests/Pods-RxStockDemoTests-resources.sh\"\n";
			showEnvVarsInLog = 0;
		};
		FF9ACBA9BD25BD03C5C3C1D8 /* [CP] Embed Pods Frameworks */ = {
			isa = PBXShellScriptBuildPhase;
			buildActionMask = 2147483647;
			files = (
			);
			inputPaths = (
				"${SRCROOT}/Pods/Target Support Files/Pods-RxStockDemo/Pods-RxStockDemo-frameworks.sh",
				"${BUILT_PRODUCTS_DIR}/Alamofire/Alamofire.framework",
				"${BUILT_PRODUCTS_DIR}/DZNEmptyDataSet/DZNEmptyDataSet.framework",
				"${BUILT_PRODUCTS_DIR}/PKHUD/PKHUD.framework",
				"${BUILT_PRODUCTS_DIR}/RAMAnimatedTabBarController/RAMAnimatedTabBarController.framework",
				"${BUILT_PRODUCTS_DIR}/Realm/Realm.framework",
				"${BUILT_PRODUCTS_DIR}/RealmSwift/RealmSwift.framework",
				"${BUILT_PRODUCTS_DIR}/RxAlamofire/RxAlamofire.framework",
				"${BUILT_PRODUCTS_DIR}/RxCocoa/RxCocoa.framework",
				"${BUILT_PRODUCTS_DIR}/RxRealm/RxRealm.framework",
				"${BUILT_PRODUCTS_DIR}/RxRealmDataSources/RxRealmDataSources.framework",
				"${BUILT_PRODUCTS_DIR}/RxSwift/RxSwift.framework",
				"${BUILT_PRODUCTS_DIR}/SwiftCharts/SwiftCharts.framework",
			);
			name = "[CP] Embed Pods Frameworks";
			outputPaths = (
				"${TARGET_BUILD_DIR}/${FRAMEWORKS_FOLDER_PATH}/Alamofire.framework",
				"${TARGET_BUILD_DIR}/${FRAMEWORKS_FOLDER_PATH}/DZNEmptyDataSet.framework",
				"${TARGET_BUILD_DIR}/${FRAMEWORKS_FOLDER_PATH}/PKHUD.framework",
				"${TARGET_BUILD_DIR}/${FRAMEWORKS_FOLDER_PATH}/RAMAnimatedTabBarController.framework",
				"${TARGET_BUILD_DIR}/${FRAMEWORKS_FOLDER_PATH}/Realm.framework",
				"${TARGET_BUILD_DIR}/${FRAMEWORKS_FOLDER_PATH}/RealmSwift.framework",
				"${TARGET_BUILD_DIR}/${FRAMEWORKS_FOLDER_PATH}/RxAlamofire.framework",
				"${TARGET_BUILD_DIR}/${FRAMEWORKS_FOLDER_PATH}/RxCocoa.framework",
				"${TARGET_BUILD_DIR}/${FRAMEWORKS_FOLDER_PATH}/RxRealm.framework",
				"${TARGET_BUILD_DIR}/${FRAMEWORKS_FOLDER_PATH}/RxRealmDataSources.framework",
				"${TARGET_BUILD_DIR}/${FRAMEWORKS_FOLDER_PATH}/RxSwift.framework",
				"${TARGET_BUILD_DIR}/${FRAMEWORKS_FOLDER_PATH}/SwiftCharts.framework",
			);
			runOnlyForDeploymentPostprocessing = 0;
			shellPath = /bin/sh;
			shellScript = "\"${SRCROOT}/Pods/Target Support Files/Pods-RxStockDemo/Pods-RxStockDemo-frameworks.sh\"\n";
			showEnvVarsInLog = 0;
		};
/* End PBXShellScriptBuildPhase section */

/* Begin PBXSourcesBuildPhase section */
		01349BA91FB14DE2000FDD5E /* Sources */ = {
			isa = PBXSourcesBuildPhase;
			buildActionMask = 2147483647;
			files = (
				014246CA1FBEB0610041FD63 /* SymbolPickerViewController.swift in Sources */,
				01A20E461FB2FD0900B5A349 /* SandPApi.swift in Sources */,
				011FF2401FD8D20E00926F95 /* SectorPerformance.swift in Sources */,
				01A2A5991FB4531A006399CA /* StocksApi.swift in Sources */,
				0195E3C61FC2C31600357D21 /* StockCollectionViewModel.swift in Sources */,
				010EDF501FBBFC4000516DBB /* StockPrice.swift in Sources */,
				01349BB31FB14DE2000FDD5E /* StockCollectionViewController.swift in Sources */,
				017BD2E21FDA3B8000AD61E6 /* SectorTableViewCell.swift in Sources */,
				01349BB11FB14DE2000FDD5E /* AppDelegate.swift in Sources */,
				011CF6161FBD671700BDCAC5 /* StockCollectionViewCell.swift in Sources */,
				014B63A51FB9BA7C00F19483 /* StockSymbol.swift in Sources */,
				011FF23E1FD8109400926F95 /* SectorViewController.swift in Sources */,
				017BD2E01FDA269D00AD61E6 /* SectorViewModel.swift in Sources */,
				01A2A5A51FB4CE47006399CA /* String+Extension.swift in Sources */,
				01A2A5A31FB4B312006399CA /* ApiKeys.swift in Sources */,
				0106CBD21FC542D5006883E3 /* StockSubscription.swift in Sources */,
				014246CC1FBEB1340041FD63 /* SymbolPickerViewModel.swift in Sources */,
				01D46B441FD40C9400BE4AB6 /* ChartViewModel.swift in Sources */,
				010EDF521FBC336B00516DBB /* StockPortfolio.swift in Sources */,
				01D46B421FD3F5A000BE4AB6 /* ChartViewController.swift in Sources */,
			);
			runOnlyForDeploymentPostprocessing = 0;
		};
		01349BBD1FB14DE2000FDD5E /* Sources */ = {
			isa = PBXSourcesBuildPhase;
			buildActionMask = 2147483647;
			files = (
				014FBA341FC195640046B9FE /* SymbolPickerViewModelTests.swift in Sources */,
				0116715A1FD4150E000732A9 /* ChartViewModelTests.swift in Sources */,
				0195E3C81FC2D05F00357D21 /* StockCollectionViewModelTests.swift in Sources */,
				011F06691FB421B100F681B5 /* SandPApiTests.swift in Sources */,
				01A2A59C1FB4535C006399CA /* StocksApiTests.swift in Sources */,
			);
			runOnlyForDeploymentPostprocessing = 0;
		};
/* End PBXSourcesBuildPhase section */

/* Begin PBXTargetDependency section */
		01349BC31FB14DE2000FDD5E /* PBXTargetDependency */ = {
			isa = PBXTargetDependency;
			target = 01349BAC1FB14DE2000FDD5E /* RxStockDemo */;
			targetProxy = 01349BC21FB14DE2000FDD5E /* PBXContainerItemProxy */;
		};
/* End PBXTargetDependency section */

/* Begin PBXVariantGroup section */
		01349BB41FB14DE2000FDD5E /* Main.storyboard */ = {
			isa = PBXVariantGroup;
			children = (
				01349BB51FB14DE2000FDD5E /* Base */,
			);
			name = Main.storyboard;
			sourceTree = "<group>";
		};
		01349BB91FB14DE2000FDD5E /* LaunchScreen.storyboard */ = {
			isa = PBXVariantGroup;
			children = (
				01349BBA1FB14DE2000FDD5E /* Base */,
			);
			name = LaunchScreen.storyboard;
			sourceTree = "<group>";
		};
/* End PBXVariantGroup section */

/* Begin XCBuildConfiguration section */
		01349BC81FB14DE2000FDD5E /* Debug */ = {
			isa = XCBuildConfiguration;
			buildSettings = {
				ALWAYS_EMBED_SWIFT_STANDARD_LIBRARIES = "$(inherited)";
				ALWAYS_SEARCH_USER_PATHS = NO;
				CLANG_ANALYZER_NONNULL = YES;
				CLANG_ANALYZER_NUMBER_OBJECT_CONVERSION = YES_AGGRESSIVE;
				CLANG_CXX_LANGUAGE_STANDARD = "gnu++14";
				CLANG_CXX_LIBRARY = "libc++";
				CLANG_ENABLE_MODULES = YES;
				CLANG_ENABLE_OBJC_ARC = YES;
				CLANG_WARN_BLOCK_CAPTURE_AUTORELEASING = YES;
				CLANG_WARN_BOOL_CONVERSION = YES;
				CLANG_WARN_COMMA = YES;
				CLANG_WARN_CONSTANT_CONVERSION = YES;
				CLANG_WARN_DIRECT_OBJC_ISA_USAGE = YES_ERROR;
				CLANG_WARN_DOCUMENTATION_COMMENTS = YES;
				CLANG_WARN_EMPTY_BODY = YES;
				CLANG_WARN_ENUM_CONVERSION = YES;
				CLANG_WARN_INFINITE_RECURSION = YES;
				CLANG_WARN_INT_CONVERSION = YES;
				CLANG_WARN_NON_LITERAL_NULL_CONVERSION = YES;
				CLANG_WARN_OBJC_LITERAL_CONVERSION = YES;
				CLANG_WARN_OBJC_ROOT_CLASS = YES_ERROR;
				CLANG_WARN_RANGE_LOOP_ANALYSIS = YES;
				CLANG_WARN_STRICT_PROTOTYPES = YES;
				CLANG_WARN_SUSPICIOUS_MOVE = YES;
				CLANG_WARN_UNGUARDED_AVAILABILITY = YES_AGGRESSIVE;
				CLANG_WARN_UNREACHABLE_CODE = YES;
				CLANG_WARN__DUPLICATE_METHOD_MATCH = YES;
				CODE_SIGN_IDENTITY = "iPhone Developer";
				COPY_PHASE_STRIP = NO;
				DEBUG_INFORMATION_FORMAT = dwarf;
				ENABLE_STRICT_OBJC_MSGSEND = YES;
				ENABLE_TESTABILITY = YES;
				GCC_C_LANGUAGE_STANDARD = gnu11;
				GCC_DYNAMIC_NO_PIC = NO;
				GCC_NO_COMMON_BLOCKS = YES;
				GCC_OPTIMIZATION_LEVEL = 0;
				GCC_PREPROCESSOR_DEFINITIONS = (
					"DEBUG=1",
					"$(inherited)",
				);
				GCC_WARN_64_TO_32_BIT_CONVERSION = YES;
				GCC_WARN_ABOUT_RETURN_TYPE = YES_ERROR;
				GCC_WARN_UNDECLARED_SELECTOR = YES;
				GCC_WARN_UNINITIALIZED_AUTOS = YES_AGGRESSIVE;
				GCC_WARN_UNUSED_FUNCTION = YES;
				GCC_WARN_UNUSED_VARIABLE = YES;
				IPHONEOS_DEPLOYMENT_TARGET = 11.1;
				MTL_ENABLE_DEBUG_INFO = YES;
				ONLY_ACTIVE_ARCH = NO;
				SDKROOT = iphoneos;
				SWIFT_ACTIVE_COMPILATION_CONDITIONS = DEBUG;
				SWIFT_OPTIMIZATION_LEVEL = "-Onone";
				SWIFT_REFLECTION_METADATA_LEVEL = all;
				VALID_ARCHS = "arm64 armv7";
			};
			name = Debug;
		};
		01349BC91FB14DE2000FDD5E /* Release */ = {
			isa = XCBuildConfiguration;
			buildSettings = {
				ALWAYS_EMBED_SWIFT_STANDARD_LIBRARIES = "$(inherited)";
				ALWAYS_SEARCH_USER_PATHS = NO;
				CLANG_ANALYZER_NONNULL = YES;
				CLANG_ANALYZER_NUMBER_OBJECT_CONVERSION = YES_AGGRESSIVE;
				CLANG_CXX_LANGUAGE_STANDARD = "gnu++14";
				CLANG_CXX_LIBRARY = "libc++";
				CLANG_ENABLE_MODULES = YES;
				CLANG_ENABLE_OBJC_ARC = YES;
				CLANG_WARN_BLOCK_CAPTURE_AUTORELEASING = YES;
				CLANG_WARN_BOOL_CONVERSION = YES;
				CLANG_WARN_COMMA = YES;
				CLANG_WARN_CONSTANT_CONVERSION = YES;
				CLANG_WARN_DIRECT_OBJC_ISA_USAGE = YES_ERROR;
				CLANG_WARN_DOCUMENTATION_COMMENTS = YES;
				CLANG_WARN_EMPTY_BODY = YES;
				CLANG_WARN_ENUM_CONVERSION = YES;
				CLANG_WARN_INFINITE_RECURSION = YES;
				CLANG_WARN_INT_CONVERSION = YES;
				CLANG_WARN_NON_LITERAL_NULL_CONVERSION = YES;
				CLANG_WARN_OBJC_LITERAL_CONVERSION = YES;
				CLANG_WARN_OBJC_ROOT_CLASS = YES_ERROR;
				CLANG_WARN_RANGE_LOOP_ANALYSIS = YES;
				CLANG_WARN_STRICT_PROTOTYPES = YES;
				CLANG_WARN_SUSPICIOUS_MOVE = YES;
				CLANG_WARN_UNGUARDED_AVAILABILITY = YES_AGGRESSIVE;
				CLANG_WARN_UNREACHABLE_CODE = YES;
				CLANG_WARN__DUPLICATE_METHOD_MATCH = YES;
				CODE_SIGN_IDENTITY = "iPhone Developer";
				COPY_PHASE_STRIP = NO;
				DEBUG_INFORMATION_FORMAT = "dwarf-with-dsym";
				ENABLE_NS_ASSERTIONS = NO;
				ENABLE_STRICT_OBJC_MSGSEND = YES;
				GCC_C_LANGUAGE_STANDARD = gnu11;
				GCC_NO_COMMON_BLOCKS = YES;
				GCC_WARN_64_TO_32_BIT_CONVERSION = YES;
				GCC_WARN_ABOUT_RETURN_TYPE = YES_ERROR;
				GCC_WARN_UNDECLARED_SELECTOR = YES;
				GCC_WARN_UNINITIALIZED_AUTOS = YES_AGGRESSIVE;
				GCC_WARN_UNUSED_FUNCTION = YES;
				GCC_WARN_UNUSED_VARIABLE = YES;
				IPHONEOS_DEPLOYMENT_TARGET = 11.1;
				MTL_ENABLE_DEBUG_INFO = NO;
				SDKROOT = iphoneos;
				SWIFT_OPTIMIZATION_LEVEL = "-Owholemodule";
				SWIFT_REFLECTION_METADATA_LEVEL = all;
				VALIDATE_PRODUCT = YES;
				VALID_ARCHS = "arm64 armv7";
			};
			name = Release;
		};
		01349BCB1FB14DE2000FDD5E /* Debug */ = {
			isa = XCBuildConfiguration;
			baseConfigurationReference = 059A7F34A33C87AAF0C81E88 /* Pods-RxStockDemo.debug.xcconfig */;
			buildSettings = {
				ALWAYS_EMBED_SWIFT_STANDARD_LIBRARIES = NO;
				ASSETCATALOG_COMPILER_APPICON_NAME = AppIcon;
				CODE_SIGN_STYLE = Automatic;
				DEVELOPMENT_TEAM = ENT2ZH45DM;
				ENABLE_ON_DEMAND_RESOURCES = NO;
				INFOPLIST_FILE = RxStockDemo/Info.plist;
				LD_RUNPATH_SEARCH_PATHS = "$(inherited) @executable_path/Frameworks";
				ONLY_ACTIVE_ARCH = NO;
				PRODUCT_BUNDLE_IDENTIFIER = com.ZombieWang.RxStockDemo;
				PRODUCT_NAME = "$(TARGET_NAME)";
				SWIFT_REFLECTION_METADATA_LEVEL = all;
				SWIFT_VERSION = 4.0;
				TARGETED_DEVICE_FAMILY = "1,2";
				VALID_ARCHS = "arm64 armv7";
			};
			name = Debug;
		};
		01349BCC1FB14DE2000FDD5E /* Release */ = {
			isa = XCBuildConfiguration;
			baseConfigurationReference = 50228966AA6879A31429A5A4 /* Pods-RxStockDemo.release.xcconfig */;
			buildSettings = {
				ALWAYS_EMBED_SWIFT_STANDARD_LIBRARIES = NO;
				ASSETCATALOG_COMPILER_APPICON_NAME = AppIcon;
				CODE_SIGN_STYLE = Automatic;
				DEVELOPMENT_TEAM = ENT2ZH45DM;
				ENABLE_ON_DEMAND_RESOURCES = NO;
				INFOPLIST_FILE = RxStockDemo/Info.plist;
				LD_RUNPATH_SEARCH_PATHS = "$(inherited) @executable_path/Frameworks";
				PRODUCT_BUNDLE_IDENTIFIER = com.ZombieWang.RxStockDemo;
				PRODUCT_NAME = "$(TARGET_NAME)";
				SWIFT_REFLECTION_METADATA_LEVEL = all;
				SWIFT_VERSION = 4.0;
				TARGETED_DEVICE_FAMILY = "1,2";
				VALID_ARCHS = "arm64 armv7";
			};
			name = Release;
		};
		01349BCE1FB14DE2000FDD5E /* Debug */ = {
			isa = XCBuildConfiguration;
			baseConfigurationReference = 5635500F922A82ED8606BB22 /* Pods-RxStockDemoTests.debug.xcconfig */;
			buildSettings = {
				ALWAYS_EMBED_SWIFT_STANDARD_LIBRARIES = NO;
				BUNDLE_LOADER = "$(TEST_HOST)";
				CODE_SIGN_STYLE = Automatic;
				DEVELOPMENT_TEAM = ENT2ZH45DM;
				INFOPLIST_FILE = RxStockDemoTests/Info.plist;
				LD_RUNPATH_SEARCH_PATHS = "$(inherited) @executable_path/Frameworks @loader_path/Frameworks";
				ONLY_ACTIVE_ARCH = NO;
				PRODUCT_BUNDLE_IDENTIFIER = com.ZombieWang.RxStockDemoTests;
				PRODUCT_NAME = "$(TARGET_NAME)";
				SWIFT_REFLECTION_METADATA_LEVEL = none;
				SWIFT_VERSION = 4.0;
				TARGETED_DEVICE_FAMILY = "1,2";
				TEST_HOST = "$(BUILT_PRODUCTS_DIR)/RxStockDemo.app/RxStockDemo";
				VALID_ARCHS = "arm64 armv7";
			};
			name = Debug;
		};
		01349BCF1FB14DE2000FDD5E /* Release */ = {
			isa = XCBuildConfiguration;
			baseConfigurationReference = B6A8232AF149A33C3DD0D744 /* Pods-RxStockDemoTests.release.xcconfig */;
			buildSettings = {
				ALWAYS_EMBED_SWIFT_STANDARD_LIBRARIES = NO;
				BUNDLE_LOADER = "$(TEST_HOST)";
				CODE_SIGN_STYLE = Automatic;
				DEVELOPMENT_TEAM = ENT2ZH45DM;
				INFOPLIST_FILE = RxStockDemoTests/Info.plist;
				LD_RUNPATH_SEARCH_PATHS = "$(inherited) @executable_path/Frameworks @loader_path/Frameworks";
				PRODUCT_BUNDLE_IDENTIFIER = com.ZombieWang.RxStockDemoTests;
				PRODUCT_NAME = "$(TARGET_NAME)";
				SWIFT_REFLECTION_METADATA_LEVEL = none;
				SWIFT_VERSION = 4.0;
				TARGETED_DEVICE_FAMILY = "1,2";
				TEST_HOST = "$(BUILT_PRODUCTS_DIR)/RxStockDemo.app/RxStockDemo";
				VALID_ARCHS = "arm64 armv7";
			};
			name = Release;
		};
/* End XCBuildConfiguration section */

/* Begin XCConfigurationList section */
		01349BA81FB14DE2000FDD5E /* Build configuration list for PBXProject "RxStockDemo" */ = {
			isa = XCConfigurationList;
			buildConfigurations = (
				01349BC81FB14DE2000FDD5E /* Debug */,
				01349BC91FB14DE2000FDD5E /* Release */,
			);
			defaultConfigurationIsVisible = 0;
			defaultConfigurationName = Release;
		};
		01349BCA1FB14DE2000FDD5E /* Build configuration list for PBXNativeTarget "RxStockDemo" */ = {
			isa = XCConfigurationList;
			buildConfigurations = (
				01349BCB1FB14DE2000FDD5E /* Debug */,
				01349BCC1FB14DE2000FDD5E /* Release */,
			);
			defaultConfigurationIsVisible = 0;
			defaultConfigurationName = Release;
		};
		01349BCD1FB14DE2000FDD5E /* Build configuration list for PBXNativeTarget "RxStockDemoTests" */ = {
			isa = XCConfigurationList;
			buildConfigurations = (
				01349BCE1FB14DE2000FDD5E /* Debug */,
				01349BCF1FB14DE2000FDD5E /* Release */,
			);
			defaultConfigurationIsVisible = 0;
			defaultConfigurationName = Release;
		};
/* End XCConfigurationList section */
	};
	rootObject = 01349BA51FB14DE2000FDD5E /* Project object */;
}
